{
  "name": "json-instantiator-example",
  "version": "1.0.0",
  "lockfileVersion": 1,
  "requires": true,
  "dependencies": {
    "ajv": {
      "version": "4.11.8",
      "resolved": "http://defnexus:8081/repository/npm-group/ajv/-/ajv-4.11.8.tgz",
      "integrity": "sha1-gv+wKynmYq5TvcIK8VlHcGc5xTY=",
      "requires": {
        "co": "4.6.0",
        "json-stable-stringify": "1.0.1"
      }
    },
    "co": {
      "version": "4.6.0",
      "resolved": "http://defnexus:8081/repository/npm-group/co/-/co-4.6.0.tgz",
      "integrity": "sha1-bqa989hTrlTMuOR7+gvz+QMfsYQ="
    },
    "json-schema-default-instance": {
      "version": "1.2.0",
      "resolved": "http://defnexus:8081/repository/npm-group/json-schema-default-instance/-/json-schema-default-instance-1.2.0.tgz",
      "integrity": "sha1-pRecEelyO8VVE/FP1s0hQAP0NPU=",
      "requires": {
        "ajv": "4.11.8",
        "lodash": "4.17.10"
      }
    },
    "json-stable-stringify": {
      "version": "1.0.1",
      "resolved": "http://defnexus:8081/repository/npm-group/json-stable-stringify/-/json-stable-stringify-1.0.1.tgz",
      "integrity": "sha1-mnWdOcXy/1A/1TAGRu1EX4jE+a8=",
      "requires": {
        "jsonify": "0.0.0"
      }
    },
    "jsonify": {
      "version": "0.0.0",
      "resolved": "http://defnexus:8081/repository/npm-group/jsonify/-/jsonify-0.0.0.tgz",
      "integrity": "sha1-LHS27kHZPKUbe1qu6PUDYx0lKnM="
    },
    "lodash": {
      "version": "4.17.10",
      "resolved": "http://defnexus:8081/repository/npm-group/lodash/-/lodash-4.17.10.tgz",
      "integrity": "sha512-UejweD1pDoXu+AD825lWwp4ZGtSwgnpZxb3JDViD7StjQz+Nb/6l093lx4OQ0foGWNRoc19mWy7BzL+UAK2iVg=="
    }
  }
}
